// !$*UTF8*$!
{
	archiveVersion = 1;
	classes = {
	};
	objectVersion = 46;
	objects = {

/* Begin PBXBuildFile section */
		9A77BBCF19EC783E00F3228D /* main.m in Sources */ = {isa = PBXBuildFile; fileRef = 9A77BBCE19EC783E00F3228D /* main.m */; };
		9A77BBD219EC783E00F3228D /* AppDelegate.m in Sources */ = {isa = PBXBuildFile; fileRef = 9A77BBD119EC783E00F3228D /* AppDelegate.m */; };
		9A77BBD519EC783E00F3228D /* ViewController.m in Sources */ = {isa = PBXBuildFile; fileRef = 9A77BBD419EC783E00F3228D /* ViewController.m */; };
		9A77BBD819EC783E00F3228D /* Main.storyboard in Resources */ = {isa = PBXBuildFile; fileRef = 9A77BBD619EC783E00F3228D /* Main.storyboard */; };
		9A77BBDA19EC783E00F3228D /* Images.xcassets in Resources */ = {isa = PBXBuildFile; fileRef = 9A77BBD919EC783E00F3228D /* Images.xcassets */; };
		9A77BBDD19EC783E00F3228D /* LaunchScreen.xib in Resources */ = {isa = PBXBuildFile; fileRef = 9A77BBDB19EC783E00F3228D /* LaunchScreen.xib */; };
		9A77BBE919EC783E00F3228D /* MeetUpTests.m in Sources */ = {isa = PBXBuildFile; fileRef = 9A77BBE819EC783E00F3228D /* MeetUpTests.m */; };
/* End PBXBuildFile section */

/* Begin PBXContainerItemProxy section */
		9A77BBE319EC783E00F3228D /* PBXContainerItemProxy */ = {
			isa = PBXContainerItemProxy;
			containerPortal = 9A77BBC119EC783E00F3228D /* Project object */;
			proxyType = 1;
			remoteGlobalIDString = 9A77BBC819EC783E00F3228D;
			remoteInfo = MeetUp;
		};
/* End PBXContainerItemProxy section */

/* Begin PBXFileReference section */
		9A77BBC919EC783E00F3228D /* MeetUp.app */ = {isa = PBXFileReference; explicitFileType = wrapper.application; includeInIndex = 0; path = MeetUp.app; sourceTree = BUILT_PRODUCTS_DIR; };
		9A77BBCD19EC783E00F3228D /* Info.plist */ = {isa = PBXFileReference; lastKnownFileType = text.plist.xml; path = Info.plist; sourceTree = "<group>"; };
		9A77BBCE19EC783E00F3228D /* main.m */ = {isa = PBXFileReference; lastKnownFileType = sourcecode.c.objc; path = main.m; sourceTree = "<group>"; };
		9A77BBD019EC783E00F3228D /* AppDelegate.h */ = {isa = PBXFileReference; lastKnownFileType = sourcecode.c.h; path = AppDelegate.h; sourceTree = "<group>"; };
		9A77BBD119EC783E00F3228D /* AppDelegate.m */ = {isa = PBXFileReference; lastKnownFileType = sourcecode.c.objc; path = AppDelegate.m; sourceTree = "<group>"; };
		9A77BBD319EC783E00F3228D /* ViewController.h */ = {isa = PBXFileReference; lastKnownFileType = sourcecode.c.h; path = ViewController.h; sourceTree = "<group>"; };
		9A77BBD419EC783E00F3228D /* ViewController.m */ = {isa = PBXFileReference; lastKnownFileType = sourcecode.c.objc; path = ViewController.m; sourceTree = "<group>"; };
		9A77BBD719EC783E00F3228D /* Base */ = {isa = PBXFileReference; lastKnownFileType = file.storyboard; name = Base; path = Base.lproj/Main.storyboard; sourceTree = "<group>"; };
		9A77BBD919EC783E00F3228D /* Images.xcassets */ = {isa = PBXFileReference; lastKnownFileType = folder.assetcatalog; path = Images.xcassets; sourceTree = "<group>"; };
		9A77BBDC19EC783E00F3228D /* Base */ = {isa = PBXFileReference; lastKnownFileType = file.xib; name = Base; path = Base.lproj/LaunchScreen.xib; sourceTree = "<group>"; };
		9A77BBE219EC783E00F3228D /* MeetUpTests.xctest */ = {isa = PBXFileReference; explicitFileType = wrapper.cfbundle; includeInIndex = 0; path = MeetUpTests.xctest; sourceTree = BUILT_PRODUCTS_DIR; };
		9A77BBE719EC783E00F3228D /* Info.plist */ = {isa = PBXFileReference; lastKnownFileType = text.plist.xml; path = Info.plist; sourceTree = "<group>"; };
		9A77BBE819EC783E00F3228D /* MeetUpTests.m */ = {isa = PBXFileReference; lastKnownFileType = sourcecode.c.objc; path = MeetUpTests.m; sourceTree = "<group>"; };
/* End PBXFileReference section */

/* Begin PBXFrameworksBuildPhase section */
		9A77BBC619EC783E00F3228D /* Frameworks */ = {
			isa = PBXFrameworksBuildPhase;
			buildActionMask = 2147483647;
			files = (
			);
			runOnlyForDeploymentPostprocessing = 0;
		};
		9A77BBDF19EC783E00F3228D /* Frameworks */ = {
			isa = PBXFrameworksBuildPhase;
			buildActionMask = 2147483647;
			files = (
			);
			runOnlyForDeploymentPostprocessing = 0;
		};
/* End PBXFrameworksBuildPhase section */

/* Begin PBXGroup section */
		9A77BBC019EC783E00F3228D = {
			isa = PBXGroup;
			children = (
				9A77BBCB19EC783E00F3228D /* MeetUp */,
				9A77BBE519EC783E00F3228D /* MeetUpTests */,
				9A77BBCA19EC783E00F3228D /* Products */,
			);
			sourceTree = "<group>";
		};
		9A77BBCA19EC783E00F3228D /* Products */ = {
			isa = PBXGroup;
			children = (
				9A77BBC919EC783E00F3228D /* MeetUp.app */,
				9A77BBE219EC783E00F3228D /* MeetUpTests.xctest */,
			);
			name = Products;
			sourceTree = "<group>";
		};
		9A77BBCB19EC783E00F3228D /* MeetUp */ = {
			isa = PBXGroup;
			children = (
				9A77BBD019EC783E00F3228D /* AppDelegate.h */,
				9A77BBD119EC783E00F3228D /* AppDelegate.m */,
				9A77BBD319EC783E00F3228D /* ViewController.h */,
				9A77BBD419EC783E00F3228D /* ViewController.m */,
				9A77BBD619EC783E00F3228D /* Main.storyboard */,
				9A77BBD919EC783E00F3228D /* Images.xcassets */,
				9A77BBDB19EC783E00F3228D /* LaunchScreen.xib */,
				9A77BBCC19EC783E00F3228D /* Supporting Files */,
			);
			path = MeetUp;
			sourceTree = "<group>";
		};
		9A77BBCC19EC783E00F3228D /* Supporting Files */ = {
			isa = PBXGroup;
			children = (
				9A77BBCD19EC783E00F3228D /* Info.plist */,
				9A77BBCE19EC783E00F3228D /* main.m */,
			);
			name = "Supporting Files";
			sourceTree = "<group>";
		};
		9A77BBE519EC783E00F3228D /* MeetUpTests */ = {
			isa = PBXGroup;
			children = (
				9A77BBE819EC783E00F3228D /* MeetUpTests.m */,
				9A77BBE619EC783E00F3228D /* Supporting Files */,
			);
			path = MeetUpTests;
			sourceTree = "<group>";
		};
		9A77BBE619EC783E00F3228D /* Supporting Files */ = {
			isa = PBXGroup;
			children = (
				9A77BBE719EC783E00F3228D /* Info.plist */,
			);
			name = "Supporting Files";
			sourceTree = "<group>";
		};
/* End PBXGroup section */

/* Begin PBXNativeTarget section */
		9A77BBC819EC783E00F3228D /* MeetUp */ = {
			isa = PBXNativeTarget;
			buildConfigurationList = 9A77BBEC19EC783E00F3228D /* Build configuration list for PBXNativeTarget "MeetUp" */;
			buildPhases = (
				9A77BBC519EC783E00F3228D /* Sources */,
				9A77BBC619EC783E00F3228D /* Frameworks */,
				9A77BBC719EC783E00F3228D /* Resources */,
			);
			buildRules = (
			);
			dependencies = (
			);
			name = MeetUp;
			productName = MeetUp;
			productReference = 9A77BBC919EC783E00F3228D /* MeetUp.app */;
			productType = "com.apple.product-type.application";
		};
		9A77BBE119EC783E00F3228D /* MeetUpTests */ = {
			isa = PBXNativeTarget;
			buildConfigurationList = 9A77BBEF19EC783E00F3228D /* Build configuration list for PBXNativeTarget "MeetUpTests" */;
			buildPhases = (
				9A77BBDE19EC783E00F3228D /* Sources */,
				9A77BBDF19EC783E00F3228D /* Frameworks */,
				9A77BBE019EC783E00F3228D /* Resources */,
			);
			buildRules = (
			);
			dependencies = (
				9A77BBE419EC783E00F3228D /* PBXTargetDependency */,
			);
			name = MeetUpTests;
			productName = MeetUpTests;
			productReference = 9A77BBE219EC783E00F3228D /* MeetUpTests.xctest */;
			productType = "com.apple.product-type.bundle.unit-test";
		};
/* End PBXNativeTarget section */

/* Begin PBXProject section */
		9A77BBC119EC783E00F3228D /* Project object */ = {
			isa = PBXProject;
			attributes = {
				LastUpgradeCheck = 0600;
				ORGANIZATIONNAME = Hugo;
				TargetAttributes = {
					9A77BBC819EC783E00F3228D = {
						CreatedOnToolsVersion = 6.0.1;
					};
					9A77BBE119EC783E00F3228D = {
						CreatedOnToolsVersion = 6.0.1;
						TestTargetID = 9A77BBC819EC783E00F3228D;
					};
				};
			};
			buildConfigurationList = 9A77BBC419EC783E00F3228D /* Build configuration list for PBXProject "MeetUp" */;
			compatibilityVersion = "Xcode 3.2";
			developmentRegion = English;
			hasScannedForEncodings = 0;
			knownRegions = (
				en,
				Base,
			);
			mainGroup = 9A77BBC019EC783E00F3228D;
			productRefGroup = 9A77BBCA19EC783E00F3228D /* Products */;
			projectDirPath = "";
			projectRoot = "";
			targets = (
				9A77BBC819EC783E00F3228D /* MeetUp */,
				9A77BBE119EC783E00F3228D /* MeetUpTests */,
			);
		};
/* End PBXProject section */

/* Begin PBXResourcesBuildPhase section */
		9A77BBC719EC783E00F3228D /* Resources */ = {
			isa = PBXResourcesBuildPhase;
			buildActionMask = 2147483647;
			files = (
				9A77BBD819EC783E00F3228D /* Main.storyboard in Resources */,
				9A77BBDD19EC783E00F3228D /* LaunchScreen.xib in Resources */,
				9A77BBDA19EC783E00F3228D /* Images.xcassets in Resources */,
			);
			runOnlyForDeploymentPostprocessing = 0;
		};
		9A77BBE019EC783E00F3228D /* Resources */ = {
			isa = PBXResourcesBuildPhase;
			buildActionMask = 2147483647;
			files = (
			);
			runOnlyForDeploymentPostprocessing = 0;
		};
/* End PBXResourcesBuildPhase section */

/* Begin PBXSourcesBuildPhase section */
		9A77BBC519EC783E00F3228D /* Sources */ = {
			isa = PBXSourcesBuildPhase;
			buildActionMask = 2147483647;
			files = (
				9A77BBD519EC783E00F3228D /* ViewController.m in Sources */,
				9A77BBD219EC783E00F3228D /* AppDelegate.m in Sources */,
				9A77BBCF19EC783E00F3228D /* main.m in Sources */,
			);
			runOnlyForDeploymentPostprocessing = 0;
		};
		9A77BBDE19EC783E00F3228D /* Sources */ = {
			isa = PBXSourcesBuildPhase;
			buildActionMask = 2147483647;
			files = (
				9A77BBE919EC783E00F3228D /* MeetUpTests.m in Sources */,
			);
			runOnlyForDeploymentPostprocessing = 0;
		};
/* End PBXSourcesBuildPhase section */

/* Begin PBXTargetDependency section */
		9A77BBE419EC783E00F3228D /* PBXTargetDependency */ = {
			isa = PBXTargetDependency;
			target = 9A77BBC819EC783E00F3228D /* MeetUp */;
			targetProxy = 9A77BBE319EC783E00F3228D /* PBXContainerItemProxy */;
		};
/* End PBXTargetDependency section */

/* Begin PBXVariantGroup section */
		9A77BBD619EC783E00F3228D /* Main.storyboard */ = {
			isa = PBXVariantGroup;
			children = (
				9A77BBD719EC783E00F3228D /* Base */,
			);
			name = Main.storyboard;
			sourceTree = "<group>";
		};
		9A77BBDB19EC783E00F3228D /* LaunchScreen.xib */ = {
			isa = PBXVariantGroup;
			children = (
				9A77BBDC19EC783E00F3228D /* Base */,
			);
			name = LaunchScreen.xib;
			sourceTree = "<group>";
		};
/* End PBXVariantGroup section */

/* Begin XCBuildConfiguration section */
		9A77BBEA19EC783E00F3228D /* Debug */ = {
			isa = XCBuildConfiguration;
			buildSettings = {
				ALWAYS_SEARCH_USER_PATHS = NO;
				CLANG_CXX_LANGUAGE_STANDARD = "gnu++0x";
				CLANG_CXX_LIBRARY = "libc++";
				CLANG_ENABLE_MODULES = YES;
				CLANG_ENABLE_OBJC_ARC = YES;
				CLANG_WARN_BOOL_CONVERSION = YES;
				CLANG_WARN_CONSTANT_CONVERSION = YES;
				CLANG_WARN_DIRECT_OBJC_ISA_USAGE = YES_ERROR;
				CLANG_WARN_EMPTY_BODY = YES;
				CLANG_WARN_ENUM_CONVERSION = YES;
				CLANG_WARN_INT_CONVERSION = YES;
				CLANG_WARN_OBJC_ROOT_CLASS = YES_ERROR;
				CLANG_WARN_UNREACHABLE_CODE = YES;
				CLANG_WARN__DUPLICATE_METHOD_MATCH = YES;
				"CODE_SIGN_IDENTITY[sdk=iphoneos*]" = "iPhone Developer";
				COPY_PHASE_STRIP = NO;
				ENABLE_STRICT_OBJC_MSGSEND = YES;
				GCC_C_LANGUAGE_STANDARD = gnu99;
				GCC_DYNAMIC_NO_PIC = NO;
				GCC_OPTIMIZATION_LEVEL = 0;
				GCC_PREPROCESSOR_DEFINITIONS = (
					"DEBUG=1",
					"$(inherited)",
				);
				GCC_SYMBOLS_PRIVATE_EXTERN = NO;
				GCC_WARN_64_TO_32_BIT_CONVERSION = YES;
				GCC_WARN_ABOUT_RETURN_TYPE = YES_ERROR;
				GCC_WARN_UNDECLARED_SELECTOR = YES;
				GCC_WARN_UNINITIALIZED_AUTOS = YES_AGGRESSIVE;
				GCC_WARN_UNUSED_FUNCTION = YES;
				GCC_WARN_UNUSED_VARIABLE = YES;
				IPHONEOS_DEPLOYMENT_TARGET = 8.0;
				MTL_ENABLE_DEBUG_INFO = YES;
				ONLY_ACTIVE_ARCH = YES;
				SDKROOT = iphoneos;
			};
			name = Debug;
		};
		9A77BBEB19EC783E00F3228D /* Release */ = {
			isa = XCBuildConfiguration;
			buildSettings = {
				ALWAYS_SEARCH_USER_PATHS = NO;
				CLANG_CXX_LANGUAGE_STANDARD = "gnu++0x";
				CLANG_CXX_LIBRARY = "libc++";
				CLANG_ENABLE_MODULES = YES;
				CLANG_ENABLE_OBJC_ARC = YES;
				CLANG_WARN_BOOL_CONVERSION = YES;
				CLANG_WARN_CONSTANT_CONVERSION = YES;
				CLANG_WARN_DIRECT_OBJC_ISA_USAGE = YES_ERROR;
				CLANG_WARN_EMPTY_BODY = YES;
				CLANG_WARN_ENUM_CONVERSION = YES;
				CLANG_WARN_INT_CONVERSION = YES;
				CLANG_WARN_OBJC_ROOT_CLASS = YES_ERROR;
				CLANG_WARN_UNREACHABLE_CODE = YES;
				CLANG_WARN__DUPLICATE_METHOD_MATCH = YES;
				"CODE_SIGN_IDENTITY[sdk=iphoneos*]" = "iPhone Developer";
				COPY_PHASE_STRIP = YES;
				ENABLE_NS_ASSERTIONS = NO;
				ENABLE_STRICT_OBJC_MSGSEND = YES;
				GCC_C_LANGUAGE_STANDARD = gnu99;
				GCC_WARN_64_TO_32_BIT_CONVERSION = YES;
				GCC_WARN_ABOUT_RETURN_TYPE = YES_ERROR;
				GCC_WARN_UNDECLARED_SELECTOR = YES;
				GCC_WARN_UNINITIALIZED_AUTOS = YES_AGGRESSIVE;
				GCC_WARN_UNUSED_FUNCTION = YES;
				GCC_WARN_UNUSED_VARIABLE = YES;
				IPHONEOS_DEPLOYMENT_TARGET = 8.0;
				MTL_ENABLE_DEBUG_INFO = NO;
				SDKROOT = iphoneos;
				VALIDATE_PRODUCT = YES;
			};
			name = Release;
		};
		9A77BBED19EC783E00F3228D /* Debug */ = {
			isa = XCBuildConfiguration;
			buildSettings = {
				ASSETCATALOG_COMPILER_APPICON_NAME = AppIcon;
				INFOPLIST_FILE = MeetUp/Info.plist;
				LD_RUNPATH_SEARCH_PATHS = "$(inherited) @executable_path/Frameworks";
				PRODUCT_NAME = "$(TARGET_NAME)";
			};
			name = Debug;
		};
		9A77BBEE19EC783E00F3228D /* Release */ = {
			isa = XCBuildConfiguration;
			buildSettings = {
				ASSETCATALOG_COMPILER_APPICON_NAME = AppIcon;
				INFOPLIST_FILE = MeetUp/Info.plist;
				LD_RUNPATH_SEARCH_PATHS = "$(inherited) @executable_path/Frameworks";
				PRODUCT_NAME = "$(TARGET_NAME)";
			};
			name = Release;
		};
		9A77BBF019EC783E00F3228D /* Debug */ = {
			isa = XCBuildConfiguration;
			buildSettings = {
				BUNDLE_LOADER = "$(TEST_HOST)";
				FRAMEWORK_SEARCH_PATHS = (
					"$(SDKROOT)/Developer/Library/Frameworks",
					"$(inherited)",
				);
				GCC_PREPROCESSOR_DEFINITIONS = (
					"DEBUG=1",
					"$(inherited)",
				);
				INFOPLIST_FILE = MeetUpTests/Info.plist;
				LD_RUNPATH_SEARCH_PATHS = "$(inherited) @executable_path/Frameworks @loader_path/Frameworks";
				PRODUCT_NAME = "$(TARGET_NAME)";
				TEST_HOST = "$(BUILT_PRODUCTS_DIR)/MeetUp.app/MeetUp";
			};
			name = Debug;
		};
		9A77BBF119EC783E00F3228D /* Release */ = {
			isa = XCBuildConfiguration;
			buildSettings = {
				BUNDLE_LOADER = "$(TEST_HOST)";
				FRAMEWORK_SEARCH_PATHS = (
					"$(SDKROOT)/Developer/Library/Frameworks",
					"$(inherited)",
				);
				INFOPLIST_FILE = MeetUpTests/Info.plist;
				LD_RUNPATH_SEARCH_PATHS = "$(inherited) @executable_path/Frameworks @loader_path/Frameworks";
				PRODUCT_NAME = "$(TARGET_NAME)";
				TEST_HOST = "$(BUILT_PRODUCTS_DIR)/MeetUp.app/MeetUp";
			};
			name = Release;
		};
/* End XCBuildConfiguration section */

/* Begin XCConfigurationList section */
		9A77BBC419EC783E00F3228D /* Build configuration list for PBXProject "MeetUp" */ = {
			isa = XCConfigurationList;
			buildConfigurations = (
				9A77BBEA19EC783E00F3228D /* Debug */,
				9A77BBEB19EC783E00F3228D /* Release */,
			);
			defaultConfigurationIsVisible = 0;
			defaultConfigurationName = Release;
		};
		9A77BBEC19EC783E00F3228D /* Build configuration list for PBXNativeTarget "MeetUp" */ = {
			isa = XCConfigurationList;
			buildConfigurations = (
				9A77BBED19EC783E00F3228D /* Debug */,
				9A77BBEE19EC783E00F3228D /* Release */,
			);
			defaultConfigurationIsVisible = 0;
		};
		9A77BBEF19EC783E00F3228D /* Build configuration list for PBXNativeTarget "MeetUpTests" */ = {
			isa = XCConfigurationList;
			buildConfigurations = (
				9A77BBF019EC783E00F3228D /* Debug */,
				9A77BBF119EC783E00F3228D /* Release */,
			);
			defaultConfigurationIsVisible = 0;
		};
/* End XCConfigurationList section */
	};
	rootObject = 9A77BBC119EC783E00F3228D /* Project object */;
}
